
Microsoft Visual Studio Solution File, Format Version 12.00
# Visual Studio 15
VisualStudioVersion = 15.0.27703.2035
MinimumVisualStudioVersion = 10.0.40219.1
Project("{FAE04EC0-301F-11D3-BF4B-00C04F79EFBC}") = "TaxCalculatorWebApp", "WebApplication1\TaxCalculatorWebApp.csproj", "{2B376B4A-C3F5-44FB-820F-F3A48C105E4F}"
EndProject
Project("{FAE04EC0-301F-11D3-BF4B-00C04F79EFBC}") = "WebApplication1.Tests", "WebApplication1.Tests\WebApplication1.Tests.csproj", "{9BBE69AC-E748-4D8B-A59A-8197620B9707}"
EndProject
Project("{9A19103F-16F7-4668-BE54-9A1E7A4F7556}") = "BusinessContract", "BusinessContract\BusinessContract.csproj", "{38A368BD-851A-4513-9EE6-938E2EDDD730}"
EndProject
Global
	GlobalSection(SolutionConfigurationPlatforms) = preSolution
		Debug|Any CPU = Debug|Any CPU
		Release|Any CPU = Release|Any CPU
	EndGlobalSection
	GlobalSection(ProjectConfigurationPlatforms) = postSolution
		{2B376B4A-C3F5-44FB-820F-F3A48C105E4F}.Debug|Any CPU.ActiveCfg = Debug|Any CPU
		{2B376B4A-C3F5-44FB-820F-F3A48C105E4F}.Debug|Any CPU.Build.0 = Debug|Any CPU
		{2B376B4A-C3F5-44FB-820F-F3A48C105E4F}.Release|Any CPU.ActiveCfg = Release|Any CPU
		{2B376B4A-C3F5-44FB-820F-F3A48C105E4F}.Release|Any CPU.Build.0 = Release|Any CPU
		{9BBE69AC-E748-4D8B-A59A-8197620B9707}.Debug|Any CPU.ActiveCfg = Debug|Any CPU
		{9BBE69AC-E748-4D8B-A59A-8197620B9707}.Debug|Any CPU.Build.0 = Debug|Any CPU
		{9BBE69AC-E748-4D8B-A59A-8197620B9707}.Release|Any CPU.ActiveCfg = Release|Any CPU
		{9BBE69AC-E748-4D8B-A59A-8197620B9707}.Release|Any CPU.Build.0 = Release|Any CPU
		{38A368BD-851A-4513-9EE6-938E2EDDD730}.Debug|Any CPU.ActiveCfg = Debug|Any CPU
		{38A368BD-851A-4513-9EE6-938E2EDDD730}.Debug|Any CPU.Build.0 = Debug|Any CPU
		{38A368BD-851A-4513-9EE6-938E2EDDD730}.Release|Any CPU.ActiveCfg = Release|Any CPU
		{38A368BD-851A-4513-9EE6-938E2EDDD730}.Release|Any CPU.Build.0 = Release|Any CPU
	EndGlobalSection
	GlobalSection(SolutionProperties) = preSolution
		HideSolutionNode = FALSE
	EndGlobalSection
	GlobalSection(ExtensibilityGlobals) = postSolution
		SolutionGuid = {AE393D39-BBF4-4F47-A5ED-A25BF82DE0C1}
	EndGlobalSection
EndGlobal
